
Microsoft Visual Studio Solution File, Format Version 9.00
# Visual Studio 2005
Project("{8BC9CEB8-8B4A-11D0-8D11-00A0C91BC942}") = "syntax", "syntax\syntax.vcproj", "{00A0D4E1-16FC-46FE-995B-58F930515202}"
EndProject
Project("{8BC9CEB8-8B4A-11D0-8D11-00A0C91BC942}") = "galgorithm", "galgorithm\galgorithm.vcproj", "{CA4EBBC9-99FD-4C99-9BF7-FE76CBCBB72F}"
EndProject
Project("{8BC9CEB8-8B4A-11D0-8D11-00A0C91BC942}") = "compiler", "compiler\compiler.vcproj", "{AFC8861B-11F0-43C8-93B1-8724B478B21A}"
EndProject
Project("{8BC9CEB8-8B4A-11D0-8D11-00A0C91BC942}") = "lrtest", "lrtest\lrtest.vcproj", "{0717B7D6-F594-483F-9C6B-9B8A24A1665A}"
	ProjectSection(ProjectDependencies) = postProject
		{E8C78579-FCFC-4D24-84CA-BA2211CCDB81} = {E8C78579-FCFC-4D24-84CA-BA2211CCDB81}
		{CA4EBBC9-99FD-4C99-9BF7-FE76CBCBB72F} = {CA4EBBC9-99FD-4C99-9BF7-FE76CBCBB72F}
		{547262D9-9C4C-479F-A931-E972064498B2} = {547262D9-9C4C-479F-A931-E972064498B2}
		{00A0D4E1-16FC-46FE-995B-58F930515202} = {00A0D4E1-16FC-46FE-995B-58F930515202}
		{27A365F6-76A2-49F3-9ABD-59952DAB4A7B} = {27A365F6-76A2-49F3-9ABD-59952DAB4A7B}
		{AFC8861B-11F0-43C8-93B1-8724B478B21A} = {AFC8861B-11F0-43C8-93B1-8724B478B21A}
	EndProjectSection
EndProject
Project("{8BC9CEB8-8B4A-11D0-8D11-00A0C91BC942}") = "xml", "xml\xml.vcproj", "{E8C78579-FCFC-4D24-84CA-BA2211CCDB81}"
EndProject
Project("{8BC9CEB8-8B4A-11D0-8D11-00A0C91BC942}") = "callstack", "callstack\callstack.vcproj", "{547262D9-9C4C-479F-A931-E972064498B2}"
EndProject
Project("{8BC9CEB8-8B4A-11D0-8D11-00A0C91BC942}") = "unittest", "unittest\unittest.vcproj", "{27A365F6-76A2-49F3-9ABD-59952DAB4A7B}"
EndProject
Project("{8BC9CEB8-8B4A-11D0-8D11-00A0C91BC942}") = "tinygrammar", "tinygrammar\tinygrammar.vcproj", "{AA329B56-FC36-490F-9E39-AF3A6A2CC3C4}"
	ProjectSection(ProjectDependencies) = postProject
		{E8C78579-FCFC-4D24-84CA-BA2211CCDB81} = {E8C78579-FCFC-4D24-84CA-BA2211CCDB81}
		{CA4EBBC9-99FD-4C99-9BF7-FE76CBCBB72F} = {CA4EBBC9-99FD-4C99-9BF7-FE76CBCBB72F}
		{547262D9-9C4C-479F-A931-E972064498B2} = {547262D9-9C4C-479F-A931-E972064498B2}
		{00A0D4E1-16FC-46FE-995B-58F930515202} = {00A0D4E1-16FC-46FE-995B-58F930515202}
		{27A365F6-76A2-49F3-9ABD-59952DAB4A7B} = {27A365F6-76A2-49F3-9ABD-59952DAB4A7B}
		{9988D84D-A3AC-450E-85D4-6DF88B5AA875} = {9988D84D-A3AC-450E-85D4-6DF88B5AA875}
		{AFC8861B-11F0-43C8-93B1-8724B478B21A} = {AFC8861B-11F0-43C8-93B1-8724B478B21A}
	EndProjectSection
EndProject
Project("{8BC9CEB8-8B4A-11D0-8D11-00A0C91BC942}") = "makecompiler", "makecompiler\makecompiler.vcproj", "{9988D84D-A3AC-450E-85D4-6DF88B5AA875}"
EndProject
Project("{8BC9CEB8-8B4A-11D0-8D11-00A0C91BC942}") = "tinyg-compiler", "tinyg-compiler\tinyg-compiler.vcproj", "{DB6185D7-15C0-48B5-9D9C-3B6287466B2A}"
	ProjectSection(ProjectDependencies) = postProject
		{AFC8861B-11F0-43C8-93B1-8724B478B21A} = {AFC8861B-11F0-43C8-93B1-8724B478B21A}
		{9988D84D-A3AC-450E-85D4-6DF88B5AA875} = {9988D84D-A3AC-450E-85D4-6DF88B5AA875}
		{E8C78579-FCFC-4D24-84CA-BA2211CCDB81} = {E8C78579-FCFC-4D24-84CA-BA2211CCDB81}
		{CA4EBBC9-99FD-4C99-9BF7-FE76CBCBB72F} = {CA4EBBC9-99FD-4C99-9BF7-FE76CBCBB72F}
		{547262D9-9C4C-479F-A931-E972064498B2} = {547262D9-9C4C-479F-A931-E972064498B2}
		{00A0D4E1-16FC-46FE-995B-58F930515202} = {00A0D4E1-16FC-46FE-995B-58F930515202}
		{27A365F6-76A2-49F3-9ABD-59952DAB4A7B} = {27A365F6-76A2-49F3-9ABD-59952DAB4A7B}
	EndProjectSection
EndProject
Global
	GlobalSection(SolutionConfigurationPlatforms) = preSolution
		Debug|Win32 = Debug|Win32
		Release|Win32 = Release|Win32
	EndGlobalSection
	GlobalSection(ProjectConfigurationPlatforms) = postSolution
		{00A0D4E1-16FC-46FE-995B-58F930515202}.Debug|Win32.ActiveCfg = Debug|Win32
		{00A0D4E1-16FC-46FE-995B-58F930515202}.Debug|Win32.Build.0 = Debug|Win32
		{00A0D4E1-16FC-46FE-995B-58F930515202}.Release|Win32.ActiveCfg = Release|Win32
		{00A0D4E1-16FC-46FE-995B-58F930515202}.Release|Win32.Build.0 = Release|Win32
		{CA4EBBC9-99FD-4C99-9BF7-FE76CBCBB72F}.Debug|Win32.ActiveCfg = Debug|Win32
		{CA4EBBC9-99FD-4C99-9BF7-FE76CBCBB72F}.Debug|Win32.Build.0 = Debug|Win32
		{CA4EBBC9-99FD-4C99-9BF7-FE76CBCBB72F}.Release|Win32.ActiveCfg = Release|Win32
		{CA4EBBC9-99FD-4C99-9BF7-FE76CBCBB72F}.Release|Win32.Build.0 = Release|Win32
		{AFC8861B-11F0-43C8-93B1-8724B478B21A}.Debug|Win32.ActiveCfg = Debug|Win32
		{AFC8861B-11F0-43C8-93B1-8724B478B21A}.Debug|Win32.Build.0 = Debug|Win32
		{AFC8861B-11F0-43C8-93B1-8724B478B21A}.Release|Win32.ActiveCfg = Release|Win32
		{AFC8861B-11F0-43C8-93B1-8724B478B21A}.Release|Win32.Build.0 = Release|Win32
		{0717B7D6-F594-483F-9C6B-9B8A24A1665A}.Debug|Win32.ActiveCfg = Debug|Win32
		{0717B7D6-F594-483F-9C6B-9B8A24A1665A}.Debug|Win32.Build.0 = Debug|Win32
		{0717B7D6-F594-483F-9C6B-9B8A24A1665A}.Release|Win32.ActiveCfg = Release|Win32
		{0717B7D6-F594-483F-9C6B-9B8A24A1665A}.Release|Win32.Build.0 = Release|Win32
		{E8C78579-FCFC-4D24-84CA-BA2211CCDB81}.Debug|Win32.ActiveCfg = Debug|Win32
		{E8C78579-FCFC-4D24-84CA-BA2211CCDB81}.Debug|Win32.Build.0 = Debug|Win32
		{E8C78579-FCFC-4D24-84CA-BA2211CCDB81}.Release|Win32.ActiveCfg = Release|Win32
		{E8C78579-FCFC-4D24-84CA-BA2211CCDB81}.Release|Win32.Build.0 = Release|Win32
		{547262D9-9C4C-479F-A931-E972064498B2}.Debug|Win32.ActiveCfg = Debug|Win32
		{547262D9-9C4C-479F-A931-E972064498B2}.Debug|Win32.Build.0 = Debug|Win32
		{547262D9-9C4C-479F-A931-E972064498B2}.Release|Win32.ActiveCfg = Release|Win32
		{547262D9-9C4C-479F-A931-E972064498B2}.Release|Win32.Build.0 = Release|Win32
		{27A365F6-76A2-49F3-9ABD-59952DAB4A7B}.Debug|Win32.ActiveCfg = Debug|Win32
		{27A365F6-76A2-49F3-9ABD-59952DAB4A7B}.Debug|Win32.Build.0 = Debug|Win32
		{27A365F6-76A2-49F3-9ABD-59952DAB4A7B}.Release|Win32.ActiveCfg = Release|Win32
		{27A365F6-76A2-49F3-9ABD-59952DAB4A7B}.Release|Win32.Build.0 = Release|Win32
		{AA329B56-FC36-490F-9E39-AF3A6A2CC3C4}.Debug|Win32.ActiveCfg = Debug|Win32
		{AA329B56-FC36-490F-9E39-AF3A6A2CC3C4}.Debug|Win32.Build.0 = Debug|Win32
		{AA329B56-FC36-490F-9E39-AF3A6A2CC3C4}.Release|Win32.ActiveCfg = Release|Win32
		{AA329B56-FC36-490F-9E39-AF3A6A2CC3C4}.Release|Win32.Build.0 = Release|Win32
		{9988D84D-A3AC-450E-85D4-6DF88B5AA875}.Debug|Win32.ActiveCfg = Debug|Win32
		{9988D84D-A3AC-450E-85D4-6DF88B5AA875}.Debug|Win32.Build.0 = Debug|Win32
		{9988D84D-A3AC-450E-85D4-6DF88B5AA875}.Release|Win32.ActiveCfg = Release|Win32
		{9988D84D-A3AC-450E-85D4-6DF88B5AA875}.Release|Win32.Build.0 = Release|Win32
		{DB6185D7-15C0-48B5-9D9C-3B6287466B2A}.Debug|Win32.ActiveCfg = Debug|Win32
		{DB6185D7-15C0-48B5-9D9C-3B6287466B2A}.Debug|Win32.Build.0 = Debug|Win32
		{DB6185D7-15C0-48B5-9D9C-3B6287466B2A}.Release|Win32.ActiveCfg = Release|Win32
		{DB6185D7-15C0-48B5-9D9C-3B6287466B2A}.Release|Win32.Build.0 = Release|Win32
	EndGlobalSection
	GlobalSection(SolutionProperties) = preSolution
		HideSolutionNode = FALSE
	EndGlobalSection
EndGlobal
